
Microsoft Visual Studio Solution File, Format Version 12.00
# Visual Studio Version 16
VisualStudioVersion = 16.6.30114.105
MinimumVisualStudioVersion = 10.0.40219.1
Project("{FAE04EC0-301F-11D3-BF4B-00C04F79EFBC}") = "FS.Todo.Api", "FS.Todo.Api\FS.Todo.Api.csproj", "{077E154A-ED75-4F67-A5CA-9C3FA82C2EA3}"
EndProject
Project("{FAE04EC0-301F-11D3-BF4B-00C04F79EFBC}") = "FS.Todo.Core", "FS.Todo.Core\FS.Todo.Core.csproj", "{B76FAA03-AC10-4CEF-99B7-41157E25ECBD}"
EndProject
Project("{FAE04EC0-301F-11D3-BF4B-00C04F79EFBC}") = "FS.Todo.Data", "FS.Todo.Data\FS.Todo.Data.csproj", "{907B249D-65B2-4F8C-94F2-6C0FD9744F10}"
EndProject
Project("{FAE04EC0-301F-11D3-BF4B-00C04F79EFBC}") = "FS.Todo.Tests", "FS.Todo.Tests\FS.Todo.Tests.csproj", "{4519072A-1F82-45D8-9FB5-154C76ECDB3B}"
EndProject
Global
	GlobalSection(SolutionConfigurationPlatforms) = preSolution
		Debug|Any CPU = Debug|Any CPU
		Debug|x64 = Debug|x64
		Debug|x86 = Debug|x86
		Release|Any CPU = Release|Any CPU
		Release|x64 = Release|x64
		Release|x86 = Release|x86
	EndGlobalSection
	GlobalSection(SolutionProperties) = preSolution
		HideSolutionNode = FALSE
	EndGlobalSection
	GlobalSection(ProjectConfigurationPlatforms) = postSolution
		{077E154A-ED75-4F67-A5CA-9C3FA82C2EA3}.Debug|Any CPU.ActiveCfg = Debug|Any CPU
		{077E154A-ED75-4F67-A5CA-9C3FA82C2EA3}.Debug|Any CPU.Build.0 = Debug|Any CPU
		{077E154A-ED75-4F67-A5CA-9C3FA82C2EA3}.Debug|x64.ActiveCfg = Debug|Any CPU
		{077E154A-ED75-4F67-A5CA-9C3FA82C2EA3}.Debug|x64.Build.0 = Debug|Any CPU
		{077E154A-ED75-4F67-A5CA-9C3FA82C2EA3}.Debug|x86.ActiveCfg = Debug|Any CPU
		{077E154A-ED75-4F67-A5CA-9C3FA82C2EA3}.Debug|x86.Build.0 = Debug|Any CPU
		{077E154A-ED75-4F67-A5CA-9C3FA82C2EA3}.Release|Any CPU.ActiveCfg = Release|Any CPU
		{077E154A-ED75-4F67-A5CA-9C3FA82C2EA3}.Release|Any CPU.Build.0 = Release|Any CPU
		{077E154A-ED75-4F67-A5CA-9C3FA82C2EA3}.Release|x64.ActiveCfg = Release|Any CPU
		{077E154A-ED75-4F67-A5CA-9C3FA82C2EA3}.Release|x64.Build.0 = Release|Any CPU
		{077E154A-ED75-4F67-A5CA-9C3FA82C2EA3}.Release|x86.ActiveCfg = Release|Any CPU
		{077E154A-ED75-4F67-A5CA-9C3FA82C2EA3}.Release|x86.Build.0 = Release|Any CPU
		{B76FAA03-AC10-4CEF-99B7-41157E25ECBD}.Debug|Any CPU.ActiveCfg = Debug|Any CPU
		{B76FAA03-AC10-4CEF-99B7-41157E25ECBD}.Debug|Any CPU.Build.0 = Debug|Any CPU
		{B76FAA03-AC10-4CEF-99B7-41157E25ECBD}.Debug|x64.ActiveCfg = Debug|Any CPU
		{B76FAA03-AC10-4CEF-99B7-41157E25ECBD}.Debug|x64.Build.0 = Debug|Any CPU
		{B76FAA03-AC10-4CEF-99B7-41157E25ECBD}.Debug|x86.ActiveCfg = Debug|Any CPU
		{B76FAA03-AC10-4CEF-99B7-41157E25ECBD}.Debug|x86.Build.0 = Debug|Any CPU
		{B76FAA03-AC10-4CEF-99B7-41157E25ECBD}.Release|Any CPU.ActiveCfg = Release|Any CPU
		{B76FAA03-AC10-4CEF-99B7-41157E25ECBD}.Release|Any CPU.Build.0 = Release|Any CPU
		{B76FAA03-AC10-4CEF-99B7-41157E25ECBD}.Release|x64.ActiveCfg = Release|Any CPU
		{B76FAA03-AC10-4CEF-99B7-41157E25ECBD}.Release|x64.Build.0 = Release|Any CPU
		{B76FAA03-AC10-4CEF-99B7-41157E25ECBD}.Release|x86.ActiveCfg = Release|Any CPU
		{B76FAA03-AC10-4CEF-99B7-41157E25ECBD}.Release|x86.Build.0 = Release|Any CPU
		{907B249D-65B2-4F8C-94F2-6C0FD9744F10}.Debug|Any CPU.ActiveCfg = Debug|Any CPU
		{907B249D-65B2-4F8C-94F2-6C0FD9744F10}.Debug|Any CPU.Build.0 = Debug|Any CPU
		{907B249D-65B2-4F8C-94F2-6C0FD9744F10}.Debug|x64.ActiveCfg = Debug|Any CPU
		{907B249D-65B2-4F8C-94F2-6C0FD9744F10}.Debug|x64.Build.0 = Debug|Any CPU
		{907B249D-65B2-4F8C-94F2-6C0FD9744F10}.Debug|x86.ActiveCfg = Debug|Any CPU
		{907B249D-65B2-4F8C-94F2-6C0FD9744F10}.Debug|x86.Build.0 = Debug|Any CPU
		{907B249D-65B2-4F8C-94F2-6C0FD9744F10}.Release|Any CPU.ActiveCfg = Release|Any CPU
		{907B249D-65B2-4F8C-94F2-6C0FD9744F10}.Release|Any CPU.Build.0 = Release|Any CPU
		{907B249D-65B2-4F8C-94F2-6C0FD9744F10}.Release|x64.ActiveCfg = Release|Any CPU
		{907B249D-65B2-4F8C-94F2-6C0FD9744F10}.Release|x64.Build.0 = Release|Any CPU
		{907B249D-65B2-4F8C-94F2-6C0FD9744F10}.Release|x86.ActiveCfg = Release|Any CPU
		{907B249D-65B2-4F8C-94F2-6C0FD9744F10}.Release|x86.Build.0 = Release|Any CPU
		{4519072A-1F82-45D8-9FB5-154C76ECDB3B}.Debug|Any CPU.ActiveCfg = Debug|Any CPU
		{4519072A-1F82-45D8-9FB5-154C76ECDB3B}.Debug|Any CPU.Build.0 = Debug|Any CPU
		{4519072A-1F82-45D8-9FB5-154C76ECDB3B}.Debug|x64.ActiveCfg = Debug|Any CPU
		{4519072A-1F82-45D8-9FB5-154C76ECDB3B}.Debug|x64.Build.0 = Debug|Any CPU
		{4519072A-1F82-45D8-9FB5-154C76ECDB3B}.Debug|x86.ActiveCfg = Debug|Any CPU
		{4519072A-1F82-45D8-9FB5-154C76ECDB3B}.Debug|x86.Build.0 = Debug|Any CPU
		{4519072A-1F82-45D8-9FB5-154C76ECDB3B}.Release|Any CPU.ActiveCfg = Release|Any CPU
		{4519072A-1F82-45D8-9FB5-154C76ECDB3B}.Release|Any CPU.Build.0 = Release|Any CPU
		{4519072A-1F82-45D8-9FB5-154C76ECDB3B}.Release|x64.ActiveCfg = Release|Any CPU
		{4519072A-1F82-45D8-9FB5-154C76ECDB3B}.Release|x64.Build.0 = Release|Any CPU
		{4519072A-1F82-45D8-9FB5-154C76ECDB3B}.Release|x86.ActiveCfg = Release|Any CPU
		{4519072A-1F82-45D8-9FB5-154C76ECDB3B}.Release|x86.Build.0 = Release|Any CPU
	EndGlobalSection
EndGlobal
